
Microsoft Visual Studio Solution File, Format Version 12.00
# Visual Studio Version 17
VisualStudioVersion = 17.4.33103.184
MinimumVisualStudioVersion = 10.0.40219.1
Project("{FAE04EC0-301F-11D3-BF4B-00C04F79EFBC}") = "Veiculo", "Veiculo\Veiculo.csproj", "{DCD346A9-D554-44CA-A96A-49D71145D349}"
EndProject
Global
	GlobalSection(SolutionConfigurationPlatforms) = preSolution
		Debug|Any CPU = Debug|Any CPU
		Release|Any CPU = Release|Any CPU
	EndGlobalSection
	GlobalSection(ProjectConfigurationPlatforms) = postSolution
		{DCD346A9-D554-44CA-A96A-49D71145D349}.Debug|Any CPU.ActiveCfg = Debug|Any CPU
		{DCD346A9-D554-44CA-A96A-49D71145D349}.Debug|Any CPU.Build.0 = Debug|Any CPU
		{DCD346A9-D554-44CA-A96A-49D71145D349}.Release|Any CPU.ActiveCfg = Release|Any CPU
		{DCD346A9-D554-44CA-A96A-49D71145D349}.Release|Any CPU.Build.0 = Release|Any CPU
	EndGlobalSection
	GlobalSection(SolutionProperties) = preSolution
		HideSolutionNode = FALSE
	EndGlobalSection
	GlobalSection(ExtensibilityGlobals) = postSolution
		SolutionGuid = {EACBAEA2-28DA-4CCC-9097-E66FC30395C5}
	EndGlobalSection
EndGlobal
